
Microsoft Visual Studio Solution File, Format Version 12.00
# Visual Studio Version 17
VisualStudioVersion = 17.4.33205.214
MinimumVisualStudioVersion = 10.0.40219.1
Project("{FAE04EC0-301F-11D3-BF4B-00C04F79EFBC}") = "CourseApp", "CourseApp\CourseApp.csproj", "{4457E451-AA42-43D2-B039-B9FCF9115B1A}"
EndProject
Project("{FAE04EC0-301F-11D3-BF4B-00C04F79EFBC}") = "Model", "Model\Model.csproj", "{3F7187C8-BEE8-4A41-8C7C-FCF4BB2A08D0}"
EndProject
Project("{FAE04EC0-301F-11D3-BF4B-00C04F79EFBC}") = "Repository", "Repository\Repository.csproj", "{1B7A406C-E743-4AA7-85FF-7CF474D359EF}"
EndProject
Global
	GlobalSection(SolutionConfigurationPlatforms) = preSolution
		Debug|Any CPU = Debug|Any CPU
		Release|Any CPU = Release|Any CPU
	EndGlobalSection
	GlobalSection(ProjectConfigurationPlatforms) = postSolution
		{4457E451-AA42-43D2-B039-B9FCF9115B1A}.Debug|Any CPU.ActiveCfg = Debug|Any CPU
		{4457E451-AA42-43D2-B039-B9FCF9115B1A}.Debug|Any CPU.Build.0 = Debug|Any CPU
		{4457E451-AA42-43D2-B039-B9FCF9115B1A}.Release|Any CPU.ActiveCfg = Release|Any CPU
		{4457E451-AA42-43D2-B039-B9FCF9115B1A}.Release|Any CPU.Build.0 = Release|Any CPU
		{3F7187C8-BEE8-4A41-8C7C-FCF4BB2A08D0}.Debug|Any CPU.ActiveCfg = Debug|Any CPU
		{3F7187C8-BEE8-4A41-8C7C-FCF4BB2A08D0}.Debug|Any CPU.Build.0 = Debug|Any CPU
		{3F7187C8-BEE8-4A41-8C7C-FCF4BB2A08D0}.Release|Any CPU.ActiveCfg = Release|Any CPU
		{3F7187C8-BEE8-4A41-8C7C-FCF4BB2A08D0}.Release|Any CPU.Build.0 = Release|Any CPU
		{1B7A406C-E743-4AA7-85FF-7CF474D359EF}.Debug|Any CPU.ActiveCfg = Debug|Any CPU
		{1B7A406C-E743-4AA7-85FF-7CF474D359EF}.Debug|Any CPU.Build.0 = Debug|Any CPU
		{1B7A406C-E743-4AA7-85FF-7CF474D359EF}.Release|Any CPU.ActiveCfg = Release|Any CPU
		{1B7A406C-E743-4AA7-85FF-7CF474D359EF}.Release|Any CPU.Build.0 = Release|Any CPU
	EndGlobalSection
	GlobalSection(SolutionProperties) = preSolution
		HideSolutionNode = FALSE
	EndGlobalSection
	GlobalSection(ExtensibilityGlobals) = postSolution
		SolutionGuid = {3C97B092-08C0-402C-9EE7-97EFCCE52F1B}
	EndGlobalSection
EndGlobal
